
Microsoft Visual Studio Solution File, Format Version 12.00
# Visual Studio Version 17
VisualStudioVersion = 17.11.35303.130
MinimumVisualStudioVersion = 10.0.40219.1
Project("{FAE04EC0-301F-11D3-BF4B-00C04F79EFBC}") = "SalonBelleza.FE", "SalonBelleza.FE\SalonBelleza.FE.csproj", "{0E55BAD3-293B-43DA-9873-44B44B3BE465}"
EndProject
Project("{FAE04EC0-301F-11D3-BF4B-00C04F79EFBC}") = "SalonBelleza.BA", "SalonBelleza.BA\SalonBelleza.BA.csproj", "{CB59FF6B-E298-4A6A-B185-A82AC633FC81}"
EndProject
Global
	GlobalSection(SolutionConfigurationPlatforms) = preSolution
		Debug|Any CPU = Debug|Any CPU
		Release|Any CPU = Release|Any CPU
	EndGlobalSection
	GlobalSection(ProjectConfigurationPlatforms) = postSolution
		{0E55BAD3-293B-43DA-9873-44B44B3BE465}.Debug|Any CPU.ActiveCfg = Debug|Any CPU
		{0E55BAD3-293B-43DA-9873-44B44B3BE465}.Debug|Any CPU.Build.0 = Debug|Any CPU
		{0E55BAD3-293B-43DA-9873-44B44B3BE465}.Release|Any CPU.ActiveCfg = Release|Any CPU
		{0E55BAD3-293B-43DA-9873-44B44B3BE465}.Release|Any CPU.Build.0 = Release|Any CPU
		{CB59FF6B-E298-4A6A-B185-A82AC633FC81}.Debug|Any CPU.ActiveCfg = Debug|Any CPU
		{CB59FF6B-E298-4A6A-B185-A82AC633FC81}.Debug|Any CPU.Build.0 = Debug|Any CPU
		{CB59FF6B-E298-4A6A-B185-A82AC633FC81}.Release|Any CPU.ActiveCfg = Release|Any CPU
		{CB59FF6B-E298-4A6A-B185-A82AC633FC81}.Release|Any CPU.Build.0 = Release|Any CPU
	EndGlobalSection
	GlobalSection(SolutionProperties) = preSolution
		HideSolutionNode = FALSE
	EndGlobalSection
	GlobalSection(ExtensibilityGlobals) = postSolution
		SolutionGuid = {D578E5D5-F81F-46D7-B9DD-BDA0C26E0201}
	EndGlobalSection
EndGlobal
